
Microsoft Visual Studio Solution File, Format Version 12.00
# Visual Studio Version 16
VisualStudioVersion = 16.0.29519.87
MinimumVisualStudioVersion = 10.0.40219.1
Project("{FAE04EC0-301F-11D3-BF4B-00C04F79EFBC}") = "Blokus", "Blokus\Blokus.csproj", "{0E8EE08E-E2CD-467A-B567-79B9AB32DB34}"
EndProject
Global
	GlobalSection(SolutionConfigurationPlatforms) = preSolution
		Debug|Any CPU = Debug|Any CPU
		Release|Any CPU = Release|Any CPU
	EndGlobalSection
	GlobalSection(ProjectConfigurationPlatforms) = postSolution
		{0E8EE08E-E2CD-467A-B567-79B9AB32DB34}.Debug|Any CPU.ActiveCfg = Debug|Any CPU
		{0E8EE08E-E2CD-467A-B567-79B9AB32DB34}.Debug|Any CPU.Build.0 = Debug|Any CPU
		{0E8EE08E-E2CD-467A-B567-79B9AB32DB34}.Release|Any CPU.ActiveCfg = Release|Any CPU
		{0E8EE08E-E2CD-467A-B567-79B9AB32DB34}.Release|Any CPU.Build.0 = Release|Any CPU
	EndGlobalSection
	GlobalSection(SolutionProperties) = preSolution
		HideSolutionNode = FALSE
	EndGlobalSection
	GlobalSection(ExtensibilityGlobals) = postSolution
		SolutionGuid = {2386CF9C-D23A-4529-B267-D45964EBF583}
	EndGlobalSection
EndGlobal
